// !$*UTF8*$!
{
	archiveVersion = 1;
	classes = {
	};
	objectVersion = 56;
	objects = {

/* Begin PBXBuildFile section */
		BA1000000000000000000001 /* HyruleSageApp.swift in Sources */ = {isa = PBXBuildFile; fileRef = BA2000000000000000000001 /* HyruleSageApp.swift */; };
		BA1000000000000000000002 /* ContentView.swift in Sources */ = {isa = PBXBuildFile; fileRef = BA2000000000000000000002 /* ContentView.swift */; };
		BA1000000000000000000003 /* ModelConfig.swift in Sources */ = {isa = PBXBuildFile; fileRef = BA2000000000000000000003 /* ModelConfig.swift */; };
		BA1000000000000000000004 /* knowledge_base.db in Resources */ = {isa = PBXBuildFile; fileRef = BA2000000000000000000004 /* knowledge_base.db */; };
		BA1000000000000000000005 /* MiniLMEmbedder.mlmodelc in Resources */ = {isa = PBXBuildFile; fileRef = BA2000000000000000000005 /* MiniLMEmbedder.mlmodelc */; };
		BA1000000000000000000006 /* SQLiteVec in Frameworks */ = {isa = PBXBuildFile; productRef = BAC000000000000000000001 /* SQLiteVec */; };
		BA1000000000000000000007 /* LlamaModel-1B.mlmodelc in Resources */ = {isa = PBXBuildFile; fileRef = BA2000000000000000000007 /* LlamaModel-1B.mlmodelc */; };
		BB1000000000000000000001 /* KnowledgeChunk.swift in Sources */ = {isa = PBXBuildFile; fileRef = BB2000000000000000000001 /* KnowledgeChunk.swift */; };
		BB1000000000000000000002 /* VectorSearchService.swift in Sources */ = {isa = PBXBuildFile; fileRef = BB2000000000000000000002 /* VectorSearchService.swift */; };
		BC1000000000000000000001 /* LLMService.swift in Sources */ = {isa = PBXBuildFile; fileRef = BC2000000000000000000001 /* LLMService.swift */; };
		BD1000000000000000000001 /* RAGEngine.swift in Sources */ = {isa = PBXBuildFile; fileRef = BD2000000000000000000001 /* RAGEngine.swift */; };
		BE1000000000000000000001 /* ChatView.swift in Sources */ = {isa = PBXBuildFile; fileRef = BE2000000000000000000001 /* ChatView.swift */; };
		BF1000000000000000000001 /* MessageBubbleView.swift in Sources */ = {isa = PBXBuildFile; fileRef = BF2000000000000000000001 /* MessageBubbleView.swift */; };
		BG1000000000000000000001 /* SourceAttributionView.swift in Sources */ = {isa = PBXBuildFile; fileRef = BG2000000000000000000001 /* SourceAttributionView.swift */; };
		BH1000000000000000000001 /* ChatViewModel.swift in Sources */ = {isa = PBXBuildFile; fileRef = BH2000000000000000000001 /* ChatViewModel.swift */; };
		BJ1000000000000000000001 /* ChatMessage.swift in Sources */ = {isa = PBXBuildFile; fileRef = BJ2000000000000000000001 /* ChatMessage.swift */; };
		BK1000000000000000000001 /* BPETokenizer.swift in Sources */ = {isa = PBXBuildFile; fileRef = BK2000000000000000000001 /* BPETokenizer.swift */; };
		BL1000000000000000000001 /* WordPieceTokenizer.swift in Sources */ = {isa = PBXBuildFile; fileRef = BL2000000000000000000001 /* WordPieceTokenizer.swift */; };
		BM1000000000000000000001 /* tokenizer.json in Resources */ = {isa = PBXBuildFile; fileRef = BM2000000000000000000001 /* tokenizer.json */; };
		BN1000000000000000000001 /* vocab.txt in Resources */ = {isa = PBXBuildFile; fileRef = BN2000000000000000000001 /* vocab.txt */; };
/* End PBXBuildFile section */

/* Begin PBXFileReference section */
		BA2000000000000000000001 /* HyruleSageApp.swift */ = {isa = PBXFileReference; lastKnownFileType = sourcecode.swift; path = HyruleSageApp.swift; sourceTree = "<group>"; };
		BA2000000000000000000002 /* ContentView.swift */ = {isa = PBXFileReference; lastKnownFileType = sourcecode.swift; path = ContentView.swift; sourceTree = "<group>"; };
		BA2000000000000000000003 /* ModelConfig.swift */ = {isa = PBXFileReference; lastKnownFileType = sourcecode.swift; path = ModelConfig.swift; sourceTree = "<group>"; };
		BA2000000000000000000004 /* knowledge_base.db */ = {isa = PBXFileReference; lastKnownFileType = file; path = knowledge_base.db; sourceTree = "<group>"; };
		BA2000000000000000000005 /* MiniLMEmbedder.mlmodelc */ = {isa = PBXFileReference; lastKnownFileType = folder; path = MiniLMEmbedder.mlmodelc; sourceTree = "<group>"; };
		BA2000000000000000000006 /* HyruleSage.app */ = {isa = PBXFileReference; explicitFileType = wrapper.application; includeInIndex = 0; path = HyruleSage.app; sourceTree = BUILT_PRODUCTS_DIR; };
		BA2000000000000000000007 /* LlamaModel-1B.mlmodelc */ = {isa = PBXFileReference; lastKnownFileType = folder; path = "LlamaModel-1B.mlmodelc"; sourceTree = "<group>"; };
		BB2000000000000000000001 /* KnowledgeChunk.swift */ = {isa = PBXFileReference; lastKnownFileType = sourcecode.swift; path = KnowledgeChunk.swift; sourceTree = "<group>"; };
		BB2000000000000000000002 /* VectorSearchService.swift */ = {isa = PBXFileReference; lastKnownFileType = sourcecode.swift; path = VectorSearchService.swift; sourceTree = "<group>"; };
		BC2000000000000000000001 /* LLMService.swift */ = {isa = PBXFileReference; lastKnownFileType = sourcecode.swift; path = LLMService.swift; sourceTree = "<group>"; };
		BD2000000000000000000001 /* RAGEngine.swift */ = {isa = PBXFileReference; lastKnownFileType = sourcecode.swift; path = RAGEngine.swift; sourceTree = "<group>"; };
		BE2000000000000000000001 /* ChatView.swift */ = {isa = PBXFileReference; lastKnownFileType = sourcecode.swift; path = ChatView.swift; sourceTree = "<group>"; };
		BF2000000000000000000001 /* MessageBubbleView.swift */ = {isa = PBXFileReference; lastKnownFileType = sourcecode.swift; path = MessageBubbleView.swift; sourceTree = "<group>"; };
		BG2000000000000000000001 /* SourceAttributionView.swift */ = {isa = PBXFileReference; lastKnownFileType = sourcecode.swift; path = SourceAttributionView.swift; sourceTree = "<group>"; };
		BH2000000000000000000001 /* ChatViewModel.swift */ = {isa = PBXFileReference; lastKnownFileType = sourcecode.swift; path = ChatViewModel.swift; sourceTree = "<group>"; };
		BJ2000000000000000000001 /* ChatMessage.swift */ = {isa = PBXFileReference; lastKnownFileType = sourcecode.swift; path = ChatMessage.swift; sourceTree = "<group>"; };
		BK2000000000000000000001 /* BPETokenizer.swift */ = {isa = PBXFileReference; lastKnownFileType = sourcecode.swift; path = BPETokenizer.swift; sourceTree = "<group>"; };
		BL2000000000000000000001 /* WordPieceTokenizer.swift */ = {isa = PBXFileReference; lastKnownFileType = sourcecode.swift; path = WordPieceTokenizer.swift; sourceTree = "<group>"; };
		BM2000000000000000000001 /* tokenizer.json */ = {isa = PBXFileReference; lastKnownFileType = text.json; path = "tokenizer.json"; sourceTree = "<group>"; };
		BN2000000000000000000001 /* vocab.txt */ = {isa = PBXFileReference; lastKnownFileType = text; path = "vocab.txt"; sourceTree = "<group>"; };
/* End PBXFileReference section */

/* Begin PBXFrameworksBuildPhase section */
		BA3000000000000000000001 /* Frameworks */ = {
			isa = PBXFrameworksBuildPhase;
			buildActionMask = 2147483647;
			files = (
				BA1000000000000000000006 /* SQLiteVec in Frameworks */,
			);
			runOnlyForDeploymentPostprocessing = 0;
		};
/* End PBXFrameworksBuildPhase section */

/* Begin PBXGroup section */
		BA4000000000000000000001 /* / */ = {
			isa = PBXGroup;
			children = (
				BA4000000000000000000002 /* HyruleSage */,
				BA4000000000000000000006 /* Products */,
			);
			sourceTree = "<group>";
		};
		BA4000000000000000000002 /* HyruleSage */ = {
			isa = PBXGroup;
			children = (
				BA2000000000000000000001 /* HyruleSageApp.swift */,
				BA4000000000000000000003 /* Views */,
				BA4000000000000000000004 /* Services */,
				BB4000000000000000000001 /* Models */,
				BA4000000000000000000005 /* Resources */,
			);
			path = HyruleSage;
			sourceTree = "<group>";
		};
		BA4000000000000000000003 /* Views */ = {
			isa = PBXGroup;
			children = (
				BA2000000000000000000002 /* ContentView.swift */,
				BE2000000000000000000001 /* ChatView.swift */,
				BF2000000000000000000001 /* MessageBubbleView.swift */,
				BG2000000000000000000001 /* SourceAttributionView.swift */,
			);
			path = Views;
			sourceTree = "<group>";
		};
		BA4000000000000000000004 /* Services */ = {
			isa = PBXGroup;
			children = (
				BA2000000000000000000003 /* ModelConfig.swift */,
				BB2000000000000000000002 /* VectorSearchService.swift */,
				BC2000000000000000000001 /* LLMService.swift */,
				BK2000000000000000000001 /* BPETokenizer.swift */,
				BL2000000000000000000001 /* WordPieceTokenizer.swift */,
				BD2000000000000000000001 /* RAGEngine.swift */,
			);
			path = Services;
			sourceTree = "<group>";
		};
		BB4000000000000000000001 /* Models */ = {
			isa = PBXGroup;
			children = (
				BB2000000000000000000001 /* KnowledgeChunk.swift */,
				BJ2000000000000000000001 /* ChatMessage.swift */,
				BH2000000000000000000001 /* ChatViewModel.swift */,
			);
			path = Models;
			sourceTree = "<group>";
		};
		BA4000000000000000000005 /* Resources */ = {
			isa = PBXGroup;
			children = (
				BA2000000000000000000004 /* knowledge_base.db */,
				BA2000000000000000000005 /* MiniLMEmbedder.mlmodelc */,
				BA2000000000000000000007 /* LlamaModel-1B.mlmodelc */,
				BM2000000000000000000001 /* tokenizer.json */,
				BN2000000000000000000001 /* vocab.txt */,
			);
			path = Resources;
			sourceTree = "<group>";
		};
		BA4000000000000000000006 /* Products */ = {
			isa = PBXGroup;
			children = (
				BA2000000000000000000006 /* HyruleSage.app */,
			);
			name = Products;
			sourceTree = "<group>";
		};
/* End PBXGroup section */

/* Begin PBXNativeTarget section */
		BA5000000000000000000001 /* HyruleSage */ = {
			isa = PBXNativeTarget;
			buildConfigurationList = BAA000000000000000000002 /* Build configuration list for PBXNativeTarget "HyruleSage" */;
			buildPhases = (
				BA8000000000000000000001 /* Sources */,
				BA3000000000000000000001 /* Frameworks */,
				BA7000000000000000000001 /* Resources */,
			);
			buildRules = (
			);
			dependencies = (
			);
			name = HyruleSage;
			packageProductDependencies = (
				BAC000000000000000000001 /* SQLiteVec */,
			);
			productName = HyruleSage;
			productReference = BA2000000000000000000006 /* HyruleSage.app */;
			productType = "com.apple.product-type.application";
		};
/* End PBXNativeTarget section */

/* Begin PBXProject section */
		BA6000000000000000000001 /* Project object */ = {
			isa = PBXProject;
			attributes = {
				BuildIndependentTargetsInParallel = 1;
				LastSwiftUpdateCheck = 1500;
				LastUpgradeCheck = 1500;
				ORGANIZATIONNAME = tlo300;
				TargetAttributes = {
					BA5000000000000000000001 = {
						CreatedOnToolsVersion = 15.0;
					};
				};
			};
			buildConfigurationList = BAA000000000000000000001 /* Build configuration list for PBXProject "HyruleSage" */;
			compatibilityVersion = "Xcode 14.0";
			developmentRegion = en;
			hasScannedForEncodings = 0;
			knownRegions = (
				en,
				Base,
			);
			mainGroup = BA4000000000000000000001;
			packageReferences = (
				BAB000000000000000000001 /* XCRemoteSwiftPackageReference "SQLiteVec" */,
			);
			productRefGroup = BA4000000000000000000006 /* Products */;
			projectDirPath = "";
			projectRoot = "";
			targets = (
				BA5000000000000000000001 /* HyruleSage */,
			);
		};
/* End PBXProject section */

/* Begin PBXResourcesBuildPhase section */
		BA7000000000000000000001 /* Resources */ = {
			isa = PBXResourcesBuildPhase;
			buildActionMask = 2147483647;
			files = (
				BA1000000000000000000004 /* knowledge_base.db in Resources */,
				BA1000000000000000000005 /* MiniLMEmbedder.mlmodelc in Resources */,
				BA1000000000000000000007 /* LlamaModel-1B.mlmodelc in Resources */,
				BM1000000000000000000001 /* tokenizer.json in Resources */,
				BN1000000000000000000001 /* vocab.txt in Resources */,
			);
			runOnlyForDeploymentPostprocessing = 0;
		};
/* End PBXResourcesBuildPhase section */

/* Begin PBXSourcesBuildPhase section */
		BA8000000000000000000001 /* Sources */ = {
			isa = PBXSourcesBuildPhase;
			buildActionMask = 2147483647;
			files = (
				BA1000000000000000000001 /* HyruleSageApp.swift in Sources */,
				BA1000000000000000000002 /* ContentView.swift in Sources */,
				BA1000000000000000000003 /* ModelConfig.swift in Sources */,
				BB1000000000000000000001 /* KnowledgeChunk.swift in Sources */,
				BB1000000000000000000002 /* VectorSearchService.swift in Sources */,
				BC1000000000000000000001 /* LLMService.swift in Sources */,
				BK1000000000000000000001 /* BPETokenizer.swift in Sources */,
				BL1000000000000000000001 /* WordPieceTokenizer.swift in Sources */,
				BD1000000000000000000001 /* RAGEngine.swift in Sources */,
				BE1000000000000000000001 /* ChatView.swift in Sources */,
				BF1000000000000000000001 /* MessageBubbleView.swift in Sources */,
				BG1000000000000000000001 /* SourceAttributionView.swift in Sources */,
				BH1000000000000000000001 /* ChatViewModel.swift in Sources */,
				BJ1000000000000000000001 /* ChatMessage.swift in Sources */,
			);
			runOnlyForDeploymentPostprocessing = 0;
		};
/* End PBXSourcesBuildPhase section */

/* Begin XCBuildConfiguration section */
		BA9000000000000000000001 /* Debug */ = {
			isa = XCBuildConfiguration;
			buildSettings = {
				ALWAYS_SEARCH_USER_PATHS = NO;
				CLANG_ANALYZER_NONNULL = YES;
				CLANG_ANALYZER_NUMBER_OBJECT_CONVERSION = YES_AGGRESSIVE;
				CLANG_CXX_LANGUAGE_STANDARD = "gnu++20";
				CLANG_ENABLE_MODULES = YES;
				CLANG_ENABLE_OBJC_ARC = YES;
				CLANG_ENABLE_OBJC_WEAK = YES;
				CLANG_WARN_BLOCK_CAPTURE_AUTORELEASING = YES;
				CLANG_WARN_BOOL_CONVERSION = YES;
				CLANG_WARN_COMMA = YES;
				CLANG_WARN_CONSTANT_CONVERSION = YES;
				CLANG_WARN_DEPRECATED_OBJC_IMPLEMENTATIONS = YES;
				CLANG_WARN_DIRECT_OBJC_ISA_USAGE = YES_ERROR;
				CLANG_WARN_DOCUMENTATION_COMMENTS = YES;
				CLANG_WARN_EMPTY_BODY = YES;
				CLANG_WARN_ENUM_CONVERSION = YES;
				CLANG_WARN_INFINITE_RECURSION = YES;
				CLANG_WARN_INT_CONVERSION = YES;
				CLANG_WARN_NON_LITERAL_NULL_CONVERSION = YES;
				CLANG_WARN_OBJC_IMPLICIT_RETAIN_CYCLES = YES;
				CLANG_WARN_OBJC_LITERAL_CONVERSION = YES;
				CLANG_WARN_OBJC_ROOT_CLASS = YES_ERROR;
				CLANG_WARN_QUOTED_INCLUDE_IN_FRAMEWORK_HEADER = YES;
				CLANG_WARN_RANGE_LOOP_ANALYSIS = YES;
				CLANG_WARN_STRICT_PROTOTYPES = YES;
				CLANG_WARN_SUSPICIOUS_MOVE = YES;
				CLANG_WARN_UNGUARDED_AVAILABILITY = YES_AGGRESSIVE;
				CLANG_WARN_UNREACHABLE_CODE = YES;
				CLANG_WARN__DUPLICATE_METHOD_MATCH = YES;
				COPY_PHASE_STRIP = NO;
				DEBUG_INFORMATION_FORMAT = dwarf;
				ENABLE_STRICT_OBJC_MSGSEND = YES;
				ENABLE_TESTABILITY = YES;
				ENABLE_USER_SCRIPT_SANDBOXING = YES;
				GCC_C_LANGUAGE_STANDARD = gnu17;
				GCC_DYNAMIC_NO_PIC = NO;
				GCC_NO_COMMON_BLOCKS = YES;
				GCC_OPTIMIZATION_LEVEL = 0;
				GCC_PREPROCESSOR_DEFINITIONS = (
					"DEBUG=1",
					"$(inherited)",
				);
				GCC_WARN_64_TO_32_BIT_CONVERSION = YES;
				GCC_WARN_ABOUT_RETURN_TYPE = YES_ERROR;
				GCC_WARN_UNDECLARED_SELECTOR = YES;
				GCC_WARN_UNINITIALIZED_AUTOS = YES_AGGRESSIVE;
				GCC_WARN_UNUSED_FUNCTION = YES;
				GCC_WARN_UNUSED_VARIABLE = YES;
				IPHONEOS_DEPLOYMENT_TARGET = 18.0;
				MTL_ENABLE_DEBUG_INFO = INCLUDE_SOURCE;
				MTL_FAST_MATH = YES;
				ONLY_ACTIVE_ARCH = YES;
				SDKROOT = iphoneos;
				SWIFT_ACTIVE_COMPILATION_CONDITIONS = "DEBUG $(inherited)";
				SWIFT_OPTIMIZATION_LEVEL = "-Onone";
			};
			name = Debug;
		};
		BA9000000000000000000002 /* Release */ = {
			isa = XCBuildConfiguration;
			buildSettings = {
				ALWAYS_SEARCH_USER_PATHS = NO;
				CLANG_ANALYZER_NONNULL = YES;
				CLANG_ANALYZER_NUMBER_OBJECT_CONVERSION = YES_AGGRESSIVE;
				CLANG_CXX_LANGUAGE_STANDARD = "gnu++20";
				CLANG_ENABLE_MODULES = YES;
				CLANG_ENABLE_OBJC_ARC = YES;
				CLANG_ENABLE_OBJC_WEAK = YES;
				CLANG_WARN_BLOCK_CAPTURE_AUTORELEASING = YES;
				CLANG_WARN_BOOL_CONVERSION = YES;
				CLANG_WARN_COMMA = YES;
				CLANG_WARN_CONSTANT_CONVERSION = YES;
				CLANG_WARN_DEPRECATED_OBJC_IMPLEMENTATIONS = YES;
				CLANG_WARN_DIRECT_OBJC_ISA_USAGE = YES_ERROR;
				CLANG_WARN_DOCUMENTATION_COMMENTS = YES;
				CLANG_WARN_EMPTY_BODY = YES;
				CLANG_WARN_ENUM_CONVERSION = YES;
				CLANG_WARN_INFINITE_RECURSION = YES;
				CLANG_WARN_INT_CONVERSION = YES;
				CLANG_WARN_NON_LITERAL_NULL_CONVERSION = YES;
				CLANG_WARN_OBJC_IMPLICIT_RETAIN_CYCLES = YES;
				CLANG_WARN_OBJC_LITERAL_CONVERSION = YES;
				CLANG_WARN_OBJC_ROOT_CLASS = YES_ERROR;
				CLANG_WARN_QUOTED_INCLUDE_IN_FRAMEWORK_HEADER = YES;
				CLANG_WARN_RANGE_LOOP_ANALYSIS = YES;
				CLANG_WARN_STRICT_PROTOTYPES = YES;
				CLANG_WARN_SUSPICIOUS_MOVE = YES;
				CLANG_WARN_UNGUARDED_AVAILABILITY = YES_AGGRESSIVE;
				CLANG_WARN_UNREACHABLE_CODE = YES;
				CLANG_WARN__DUPLICATE_METHOD_MATCH = YES;
				COPY_PHASE_STRIP = NO;
				DEBUG_INFORMATION_FORMAT = "dwarf-with-dsym";
				ENABLE_NS_ASSERTIONS = NO;
				ENABLE_STRICT_OBJC_MSGSEND = YES;
				ENABLE_USER_SCRIPT_SANDBOXING = YES;
				GCC_C_LANGUAGE_STANDARD = gnu17;
				GCC_NO_COMMON_BLOCKS = YES;
				GCC_WARN_64_TO_32_BIT_CONVERSION = YES;
				GCC_WARN_ABOUT_RETURN_TYPE = YES_ERROR;
				GCC_WARN_UNDECLARED_SELECTOR = YES;
				GCC_WARN_UNINITIALIZED_AUTOS = YES_AGGRESSIVE;
				GCC_WARN_UNUSED_FUNCTION = YES;
				GCC_WARN_UNUSED_VARIABLE = YES;
				IPHONEOS_DEPLOYMENT_TARGET = 18.0;
				MTL_FAST_MATH = YES;
				SDKROOT = iphoneos;
				SWIFT_COMPILATION_MODE = wholemodule;
				SWIFT_OPTIMIZATION_LEVEL = "-O";
				VALIDATE_PRODUCT = YES;
			};
			name = Release;
		};
		BA9000000000000000000003 /* Debug */ = {
			isa = XCBuildConfiguration;
			buildSettings = {
				ASSETCATALOG_COMPILER_APPICON_NAME = AppIcon;
				ASSETCATALOG_COMPILER_GLOBAL_ACCENT_COLOR_NAME = AccentColor;
				CODE_SIGN_STYLE = Automatic;
				CURRENT_PROJECT_VERSION = 1;
				DEVELOPMENT_ASSET_PATHS = "";
				ENABLE_PREVIEWS = YES;
				GENERATE_INFOPLIST_FILE = YES;
				INFOPLIST_KEY_UIApplicationSceneManifest_Generation = YES;
				INFOPLIST_KEY_UIApplicationSupportsIndirectInputEvents = YES;
				INFOPLIST_KEY_UILaunchScreen_Generation = YES;
				INFOPLIST_KEY_UISupportedInterfaceOrientations_iPhone = "UIInterfaceOrientationPortrait UIInterfaceOrientationLandscapeLeft UIInterfaceOrientationLandscapeRight";
				IPHONEOS_DEPLOYMENT_TARGET = 18.0;
				LD_RUNPATH_SEARCH_PATHS = (
					"$(inherited)",
					"@executable_path/Frameworks",
				);
				MARKETING_VERSION = 1.0;
				PRODUCT_BUNDLE_IDENTIFIER = "com.tlo300.HyruleSage";
				PRODUCT_NAME = "$(TARGET_NAME)";
				SWIFT_EMIT_LOC_STRINGS = YES;
				SWIFT_VERSION = 5.9;
				TARGETED_DEVICE_FAMILY = "1,2";
			};
			name = Debug;
		};
		BA9000000000000000000004 /* Release */ = {
			isa = XCBuildConfiguration;
			buildSettings = {
				ASSETCATALOG_COMPILER_APPICON_NAME = AppIcon;
				ASSETCATALOG_COMPILER_GLOBAL_ACCENT_COLOR_NAME = AccentColor;
				CODE_SIGN_STYLE = Automatic;
				CURRENT_PROJECT_VERSION = 1;
				DEVELOPMENT_ASSET_PATHS = "";
				ENABLE_PREVIEWS = YES;
				GENERATE_INFOPLIST_FILE = YES;
				INFOPLIST_KEY_UIApplicationSceneManifest_Generation = YES;
				INFOPLIST_KEY_UIApplicationSupportsIndirectInputEvents = YES;
				INFOPLIST_KEY_UILaunchScreen_Generation = YES;
				INFOPLIST_KEY_UISupportedInterfaceOrientations_iPhone = "UIInterfaceOrientationPortrait UIInterfaceOrientationLandscapeLeft UIInterfaceOrientationLandscapeRight";
				IPHONEOS_DEPLOYMENT_TARGET = 18.0;
				LD_RUNPATH_SEARCH_PATHS = (
					"$(inherited)",
					"@executable_path/Frameworks",
				);
				MARKETING_VERSION = 1.0;
				PRODUCT_BUNDLE_IDENTIFIER = "com.tlo300.HyruleSage";
				PRODUCT_NAME = "$(TARGET_NAME)";
				SWIFT_EMIT_LOC_STRINGS = YES;
				SWIFT_VERSION = 5.9;
				TARGETED_DEVICE_FAMILY = "1,2";
			};
			name = Release;
		};
/* End XCBuildConfiguration section */

/* Begin XCConfigurationList section */
		BAA000000000000000000001 /* Build configuration list for PBXProject "HyruleSage" */ = {
			isa = XCConfigurationList;
			buildConfigurations = (
				BA9000000000000000000001 /* Debug */,
				BA9000000000000000000002 /* Release */,
			);
			defaultConfigurationIsVisible = 0;
			defaultConfigurationName = Release;
		};
		BAA000000000000000000002 /* Build configuration list for PBXNativeTarget "HyruleSage" */ = {
			isa = XCConfigurationList;
			buildConfigurations = (
				BA9000000000000000000003 /* Debug */,
				BA9000000000000000000004 /* Release */,
			);
			defaultConfigurationIsVisible = 0;
			defaultConfigurationName = Release;
		};
/* End XCConfigurationList section */

/* Begin XCRemoteSwiftPackageReference section */
		BAB000000000000000000001 /* XCRemoteSwiftPackageReference "SQLiteVec" */ = {
			isa = XCRemoteSwiftPackageReference;
			repositoryURL = "https://github.com/jkrukowski/SQLiteVec";
			requirement = {
				kind = upToNextMajorVersion;
				minimumVersion = 0.0.9;
			};
		};
/* End XCRemoteSwiftPackageReference section */

/* Begin XCSwiftPackageProductDependency section */
		BAC000000000000000000001 /* SQLiteVec */ = {
			isa = XCSwiftPackageProductDependency;
			package = BAB000000000000000000001 /* XCRemoteSwiftPackageReference "SQLiteVec" */;
			productName = SQLiteVec;
		};
/* End XCSwiftPackageProductDependency section */

	};
	rootObject = BA6000000000000000000001 /* Project object */;
}
