// !$*UTF8*$!
{
	archiveVersion = 1;
	classes = {
	};
	objectVersion = 56;
	objects = {

/* Begin PBXBuildFile section */
		BA1000000000000000000001 /* ZeldaGuideSearchApp.swift in Sources */ = {isa = PBXBuildFile; fileRef = BA2000000000000000000001 /* ZeldaGuideSearchApp.swift */; };
		BA1000000000000000000002 /* ModelConfig.swift in Sources */ = {isa = PBXBuildFile; fileRef = BA2000000000000000000002 /* ModelConfig.swift */; };
		BA1000000000000000000003 /* SearchEngine.swift in Sources */ = {isa = PBXBuildFile; fileRef = BA2000000000000000000003 /* SearchEngine.swift */; };
		BA1000000000000000000004 /* VectorSearchService.swift in Sources */ = {isa = PBXBuildFile; fileRef = BA2000000000000000000004 /* VectorSearchService.swift */; };
		BA1000000000000000000005 /* WordPieceTokenizer.swift in Sources */ = {isa = PBXBuildFile; fileRef = BA2000000000000000000005 /* WordPieceTokenizer.swift */; };
		BA1000000000000000000006 /* KnowledgeChunk.swift in Sources */ = {isa = PBXBuildFile; fileRef = BA2000000000000000000006 /* KnowledgeChunk.swift */; };
		BA1000000000000000000007 /* SearchViewModel.swift in Sources */ = {isa = PBXBuildFile; fileRef = BA2000000000000000000007 /* SearchViewModel.swift */; };
		BA1000000000000000000008 /* SearchView.swift in Sources */ = {isa = PBXBuildFile; fileRef = BA2000000000000000000008 /* SearchView.swift */; };
		BA1000000000000000000009 /* ResultCardView.swift in Sources */ = {isa = PBXBuildFile; fileRef = BA2000000000000000000009 /* ResultCardView.swift */; };
		BA100000000000000000000A /* SQLiteVec in Frameworks */ = {isa = PBXBuildFile; productRef = BAC000000000000000000001 /* SQLiteVec */; };
		BA100000000000000000000B /* knowledge_base.db in Resources */ = {isa = PBXBuildFile; fileRef = BA200000000000000000000A /* knowledge_base.db */; };
		BA100000000000000000000C /* MiniLMEmbedder.mlmodelc in Resources */ = {isa = PBXBuildFile; fileRef = BA200000000000000000000B /* MiniLMEmbedder.mlmodelc */; };
		BA100000000000000000000D /* vocab.txt in Resources */ = {isa = PBXBuildFile; fileRef = BA200000000000000000000C /* vocab.txt */; };
/* End PBXBuildFile section */

/* Begin PBXFileReference section */
		BA2000000000000000000001 /* ZeldaGuideSearchApp.swift */ = {isa = PBXFileReference; lastKnownFileType = sourcecode.swift; path = ZeldaGuideSearchApp.swift; sourceTree = "<group>"; };
		BA2000000000000000000002 /* ModelConfig.swift */ = {isa = PBXFileReference; lastKnownFileType = sourcecode.swift; path = ModelConfig.swift; sourceTree = "<group>"; };
		BA2000000000000000000003 /* SearchEngine.swift */ = {isa = PBXFileReference; lastKnownFileType = sourcecode.swift; path = SearchEngine.swift; sourceTree = "<group>"; };
		BA2000000000000000000004 /* VectorSearchService.swift */ = {isa = PBXFileReference; lastKnownFileType = sourcecode.swift; path = VectorSearchService.swift; sourceTree = "<group>"; };
		BA2000000000000000000005 /* WordPieceTokenizer.swift */ = {isa = PBXFileReference; lastKnownFileType = sourcecode.swift; path = WordPieceTokenizer.swift; sourceTree = "<group>"; };
		BA2000000000000000000006 /* KnowledgeChunk.swift */ = {isa = PBXFileReference; lastKnownFileType = sourcecode.swift; path = KnowledgeChunk.swift; sourceTree = "<group>"; };
		BA2000000000000000000007 /* SearchViewModel.swift */ = {isa = PBXFileReference; lastKnownFileType = sourcecode.swift; path = SearchViewModel.swift; sourceTree = "<group>"; };
		BA2000000000000000000008 /* SearchView.swift */ = {isa = PBXFileReference; lastKnownFileType = sourcecode.swift; path = SearchView.swift; sourceTree = "<group>"; };
		BA2000000000000000000009 /* ResultCardView.swift */ = {isa = PBXFileReference; lastKnownFileType = sourcecode.swift; path = ResultCardView.swift; sourceTree = "<group>"; };
		BA200000000000000000000A /* knowledge_base.db */ = {isa = PBXFileReference; lastKnownFileType = file; path = knowledge_base.db; sourceTree = "<group>"; };
		BA200000000000000000000B /* MiniLMEmbedder.mlmodelc */ = {isa = PBXFileReference; lastKnownFileType = folder; path = MiniLMEmbedder.mlmodelc; sourceTree = "<group>"; };
		BA200000000000000000000C /* vocab.txt */ = {isa = PBXFileReference; lastKnownFileType = text; path = vocab.txt; sourceTree = "<group>"; };
		BA200000000000000000000D /* ZeldaGuideSearch.app */ = {isa = PBXFileReference; explicitFileType = wrapper.application; includeInIndex = 0; path = ZeldaGuideSearch.app; sourceTree = BUILT_PRODUCTS_DIR; };
/* End PBXFileReference section */

/* Begin PBXFrameworksBuildPhase section */
		BA3000000000000000000001 /* Frameworks */ = {
			isa = PBXFrameworksBuildPhase;
			buildActionMask = 2147483647;
			files = (
				BA100000000000000000000A /* SQLiteVec in Frameworks */,
			);
			runOnlyForDeploymentPostprocessing = 0;
		};
/* End PBXFrameworksBuildPhase section */

/* Begin PBXGroup section */
		BA4000000000000000000001 /* / */ = {
			isa = PBXGroup;
			children = (
				BA4000000000000000000002 /* ZeldaGuideSearch */,
				BA4000000000000000000007 /* Products */,
			);
			sourceTree = "<group>";
		};
		BA4000000000000000000002 /* ZeldaGuideSearch */ = {
			isa = PBXGroup;
			children = (
				BA2000000000000000000001 /* ZeldaGuideSearchApp.swift */,
				BA4000000000000000000003 /* Views */,
				BA4000000000000000000004 /* Services */,
				BA4000000000000000000005 /* Models */,
				BA4000000000000000000006 /* Resources */,
			);
			path = ZeldaGuideSearch;
			sourceTree = "<group>";
		};
		BA4000000000000000000003 /* Views */ = {
			isa = PBXGroup;
			children = (
				BA2000000000000000000008 /* SearchView.swift */,
				BA2000000000000000000009 /* ResultCardView.swift */,
			);
			path = Views;
			sourceTree = "<group>";
		};
		BA4000000000000000000004 /* Services */ = {
			isa = PBXGroup;
			children = (
				BA2000000000000000000002 /* ModelConfig.swift */,
				BA2000000000000000000003 /* SearchEngine.swift */,
				BA2000000000000000000004 /* VectorSearchService.swift */,
				BA2000000000000000000005 /* WordPieceTokenizer.swift */,
			);
			path = Services;
			sourceTree = "<group>";
		};
		BA4000000000000000000005 /* Models */ = {
			isa = PBXGroup;
			children = (
				BA2000000000000000000006 /* KnowledgeChunk.swift */,
				BA2000000000000000000007 /* SearchViewModel.swift */,
			);
			path = Models;
			sourceTree = "<group>";
		};
		BA4000000000000000000006 /* Resources */ = {
			isa = PBXGroup;
			children = (
				BA200000000000000000000A /* knowledge_base.db */,
				BA200000000000000000000B /* MiniLMEmbedder.mlmodelc */,
				BA200000000000000000000C /* vocab.txt */,
			);
			path = Resources;
			sourceTree = "<group>";
		};
		BA4000000000000000000007 /* Products */ = {
			isa = PBXGroup;
			children = (
				BA200000000000000000000D /* ZeldaGuideSearch.app */,
			);
			name = Products;
			sourceTree = "<group>";
		};
/* End PBXGroup section */

/* Begin PBXNativeTarget section */
		BA5000000000000000000001 /* ZeldaGuideSearch */ = {
			isa = PBXNativeTarget;
			buildConfigurationList = BAA000000000000000000002 /* Build configuration list for PBXNativeTarget "ZeldaGuideSearch" */;
			buildPhases = (
				BA8000000000000000000001 /* Sources */,
				BA3000000000000000000001 /* Frameworks */,
				BA7000000000000000000001 /* Resources */,
			);
			buildRules = (
			);
			dependencies = (
			);
			name = ZeldaGuideSearch;
			packageProductDependencies = (
				BAC000000000000000000001 /* SQLiteVec */,
			);
			productName = ZeldaGuideSearch;
			productReference = BA200000000000000000000D /* ZeldaGuideSearch.app */;
			productType = "com.apple.product-type.application";
		};
/* End PBXNativeTarget section */

/* Begin PBXProject section */
		BA6000000000000000000001 /* Project object */ = {
			isa = PBXProject;
			attributes = {
				BuildIndependentTargetsInParallel = 1;
				LastSwiftUpdateCheck = 1500;
				LastUpgradeCheck = 1500;
				ORGANIZATIONNAME = tlo300;
				TargetAttributes = {
					BA5000000000000000000001 = {
						CreatedOnToolsVersion = 15.0;
					};
				};
			};
			buildConfigurationList = BAA000000000000000000001 /* Build configuration list for PBXProject "ZeldaGuideSearch" */;
			compatibilityVersion = "Xcode 14.0";
			developmentRegion = en;
			hasScannedForEncodings = 0;
			knownRegions = (
				en,
				Base,
			);
			mainGroup = BA4000000000000000000001;
			packageReferences = (
				BAB000000000000000000001 /* XCRemoteSwiftPackageReference "SQLiteVec" */,
			);
			productRefGroup = BA4000000000000000000007 /* Products */;
			projectDirPath = "";
			projectRoot = "";
			targets = (
				BA5000000000000000000001 /* ZeldaGuideSearch */,
			);
		};
/* End PBXProject section */

/* Begin PBXResourcesBuildPhase section */
		BA7000000000000000000001 /* Resources */ = {
			isa = PBXResourcesBuildPhase;
			buildActionMask = 2147483647;
			files = (
				BA100000000000000000000B /* knowledge_base.db in Resources */,
				BA100000000000000000000C /* MiniLMEmbedder.mlmodelc in Resources */,
				BA100000000000000000000D /* vocab.txt in Resources */,
			);
			runOnlyForDeploymentPostprocessing = 0;
		};
/* End PBXResourcesBuildPhase section */

/* Begin PBXSourcesBuildPhase section */
		BA8000000000000000000001 /* Sources */ = {
			isa = PBXSourcesBuildPhase;
			buildActionMask = 2147483647;
			files = (
				BA1000000000000000000001 /* ZeldaGuideSearchApp.swift in Sources */,
				BA1000000000000000000002 /* ModelConfig.swift in Sources */,
				BA1000000000000000000003 /* SearchEngine.swift in Sources */,
				BA1000000000000000000004 /* VectorSearchService.swift in Sources */,
				BA1000000000000000000005 /* WordPieceTokenizer.swift in Sources */,
				BA1000000000000000000006 /* KnowledgeChunk.swift in Sources */,
				BA1000000000000000000007 /* SearchViewModel.swift in Sources */,
				BA1000000000000000000008 /* SearchView.swift in Sources */,
				BA1000000000000000000009 /* ResultCardView.swift in Sources */,
			);
			runOnlyForDeploymentPostprocessing = 0;
		};
/* End PBXSourcesBuildPhase section */

/* Begin XCBuildConfiguration section */
		BA9000000000000000000001 /* Debug */ = {
			isa = XCBuildConfiguration;
			buildSettings = {
				ALWAYS_SEARCH_USER_PATHS = NO;
				CLANG_ANALYZER_NONNULL = YES;
				CLANG_ANALYZER_NUMBER_OBJECT_CONVERSION = YES_AGGRESSIVE;
				CLANG_CXX_LANGUAGE_STANDARD = "gnu++20";
				CLANG_ENABLE_MODULES = YES;
				CLANG_ENABLE_OBJC_ARC = YES;
				CLANG_ENABLE_OBJC_WEAK = YES;
				CLANG_WARN_BLOCK_CAPTURE_AUTORELEASING = YES;
				CLANG_WARN_BOOL_CONVERSION = YES;
				CLANG_WARN_COMMA = YES;
				CLANG_WARN_CONSTANT_CONVERSION = YES;
				CLANG_WARN_DEPRECATED_OBJC_IMPLEMENTATIONS = YES;
				CLANG_WARN_DIRECT_OBJC_ISA_USAGE = YES_ERROR;
				CLANG_WARN_DOCUMENTATION_COMMENTS = YES;
				CLANG_WARN_EMPTY_BODY = YES;
				CLANG_WARN_ENUM_CONVERSION = YES;
				CLANG_WARN_INFINITE_RECURSION = YES;
				CLANG_WARN_INT_CONVERSION = YES;
				CLANG_WARN_NON_LITERAL_NULL_CONVERSION = YES;
				CLANG_WARN_OBJC_IMPLICIT_RETAIN_CYCLES = YES;
				CLANG_WARN_OBJC_LITERAL_CONVERSION = YES;
				CLANG_WARN_OBJC_ROOT_CLASS = YES_ERROR;
				CLANG_WARN_QUOTED_INCLUDE_IN_FRAMEWORK_HEADER = YES;
				CLANG_WARN_RANGE_LOOP_ANALYSIS = YES;
				CLANG_WARN_STRICT_PROTOTYPES = YES;
				CLANG_WARN_SUSPICIOUS_MOVE = YES;
				CLANG_WARN_UNGUARDED_AVAILABILITY = YES_AGGRESSIVE;
				CLANG_WARN_UNREACHABLE_CODE = YES;
				CLANG_WARN__DUPLICATE_METHOD_MATCH = YES;
				COPY_PHASE_STRIP = NO;
				DEBUG_INFORMATION_FORMAT = dwarf;
				ENABLE_STRICT_OBJC_MSGSEND = YES;
				ENABLE_TESTABILITY = YES;
				ENABLE_USER_SCRIPT_SANDBOXING = YES;
				GCC_C_LANGUAGE_STANDARD = gnu17;
				GCC_DYNAMIC_NO_PIC = NO;
				GCC_NO_COMMON_BLOCKS = YES;
				GCC_OPTIMIZATION_LEVEL = 0;
				GCC_PREPROCESSOR_DEFINITIONS = (
					"DEBUG=1",
					"$(inherited)",
				);
				GCC_WARN_64_TO_32_BIT_CONVERSION = YES;
				GCC_WARN_ABOUT_RETURN_TYPE = YES_ERROR;
				GCC_WARN_UNDECLARED_SELECTOR = YES;
				GCC_WARN_UNINITIALIZED_AUTOS = YES_AGGRESSIVE;
				GCC_WARN_UNUSED_FUNCTION = YES;
				GCC_WARN_UNUSED_VARIABLE = YES;
				IPHONEOS_DEPLOYMENT_TARGET = 18.0;
				MTL_ENABLE_DEBUG_INFO = INCLUDE_SOURCE;
				MTL_FAST_MATH = YES;
				ONLY_ACTIVE_ARCH = YES;
				SDKROOT = iphoneos;
				SWIFT_ACTIVE_COMPILATION_CONDITIONS = "DEBUG $(inherited)";
				SWIFT_OPTIMIZATION_LEVEL = "-Onone";
			};
			name = Debug;
		};
		BA9000000000000000000002 /* Release */ = {
			isa = XCBuildConfiguration;
			buildSettings = {
				ALWAYS_SEARCH_USER_PATHS = NO;
				CLANG_ANALYZER_NONNULL = YES;
				CLANG_ANALYZER_NUMBER_OBJECT_CONVERSION = YES_AGGRESSIVE;
				CLANG_CXX_LANGUAGE_STANDARD = "gnu++20";
				CLANG_ENABLE_MODULES = YES;
				CLANG_ENABLE_OBJC_ARC = YES;
				CLANG_ENABLE_OBJC_WEAK = YES;
				CLANG_WARN_BLOCK_CAPTURE_AUTORELEASING = YES;
				CLANG_WARN_BOOL_CONVERSION = YES;
				CLANG_WARN_COMMA = YES;
				CLANG_WARN_CONSTANT_CONVERSION = YES;
				CLANG_WARN_DEPRECATED_OBJC_IMPLEMENTATIONS = YES;
				CLANG_WARN_DIRECT_OBJC_ISA_USAGE = YES_ERROR;
				CLANG_WARN_DOCUMENTATION_COMMENTS = YES;
				CLANG_WARN_EMPTY_BODY = YES;
				CLANG_WARN_ENUM_CONVERSION = YES;
				CLANG_WARN_INFINITE_RECURSION = YES;
				CLANG_WARN_INT_CONVERSION = YES;
				CLANG_WARN_NON_LITERAL_NULL_CONVERSION = YES;
				CLANG_WARN_OBJC_IMPLICIT_RETAIN_CYCLES = YES;
				CLANG_WARN_OBJC_LITERAL_CONVERSION = YES;
				CLANG_WARN_OBJC_ROOT_CLASS = YES_ERROR;
				CLANG_WARN_QUOTED_INCLUDE_IN_FRAMEWORK_HEADER = YES;
				CLANG_WARN_RANGE_LOOP_ANALYSIS = YES;
				CLANG_WARN_STRICT_PROTOTYPES = YES;
				CLANG_WARN_SUSPICIOUS_MOVE = YES;
				CLANG_WARN_UNGUARDED_AVAILABILITY = YES_AGGRESSIVE;
				CLANG_WARN_UNREACHABLE_CODE = YES;
				CLANG_WARN__DUPLICATE_METHOD_MATCH = YES;
				COPY_PHASE_STRIP = NO;
				DEBUG_INFORMATION_FORMAT = "dwarf-with-dsym";
				ENABLE_NS_ASSERTIONS = NO;
				ENABLE_STRICT_OBJC_MSGSEND = YES;
				ENABLE_USER_SCRIPT_SANDBOXING = YES;
				GCC_C_LANGUAGE_STANDARD = gnu17;
				GCC_NO_COMMON_BLOCKS = YES;
				GCC_WARN_64_TO_32_BIT_CONVERSION = YES;
				GCC_WARN_ABOUT_RETURN_TYPE = YES_ERROR;
				GCC_WARN_UNDECLARED_SELECTOR = YES;
				GCC_WARN_UNINITIALIZED_AUTOS = YES_AGGRESSIVE;
				GCC_WARN_UNUSED_FUNCTION = YES;
				GCC_WARN_UNUSED_VARIABLE = YES;
				IPHONEOS_DEPLOYMENT_TARGET = 18.0;
				MTL_FAST_MATH = YES;
				SDKROOT = iphoneos;
				SWIFT_COMPILATION_MODE = wholemodule;
				SWIFT_OPTIMIZATION_LEVEL = "-O";
				VALIDATE_PRODUCT = YES;
			};
			name = Release;
		};
		BA9000000000000000000003 /* Debug */ = {
			isa = XCBuildConfiguration;
			buildSettings = {
				ASSETCATALOG_COMPILER_APPICON_NAME = AppIcon;
				ASSETCATALOG_COMPILER_GLOBAL_ACCENT_COLOR_NAME = AccentColor;
				CODE_SIGN_STYLE = Automatic;
				CURRENT_PROJECT_VERSION = 1;
				DEVELOPMENT_ASSET_PATHS = "";
				ENABLE_PREVIEWS = YES;
				GENERATE_INFOPLIST_FILE = YES;
				INFOPLIST_KEY_UIApplicationSceneManifest_Generation = YES;
				INFOPLIST_KEY_UIApplicationSupportsIndirectInputEvents = YES;
				INFOPLIST_KEY_UILaunchScreen_Generation = YES;
				INFOPLIST_KEY_UISupportedInterfaceOrientations_iPhone = "UIInterfaceOrientationPortrait UIInterfaceOrientationLandscapeLeft UIInterfaceOrientationLandscapeRight";
				IPHONEOS_DEPLOYMENT_TARGET = 18.0;
				LD_RUNPATH_SEARCH_PATHS = (
					"$(inherited)",
					"@executable_path/Frameworks",
				);
				MARKETING_VERSION = 1.0;
				PRODUCT_BUNDLE_IDENTIFIER = "com.tlo300.ZeldaGuideSearch";
				PRODUCT_NAME = "$(TARGET_NAME)";
				SWIFT_EMIT_LOC_STRINGS = YES;
				SWIFT_VERSION = 5.9;
				TARGETED_DEVICE_FAMILY = "1,2";
			};
			name = Debug;
		};
		BA9000000000000000000004 /* Release */ = {
			isa = XCBuildConfiguration;
			buildSettings = {
				ASSETCATALOG_COMPILER_APPICON_NAME = AppIcon;
				ASSETCATALOG_COMPILER_GLOBAL_ACCENT_COLOR_NAME = AccentColor;
				CODE_SIGN_STYLE = Automatic;
				CURRENT_PROJECT_VERSION = 1;
				DEVELOPMENT_ASSET_PATHS = "";
				ENABLE_PREVIEWS = YES;
				GENERATE_INFOPLIST_FILE = YES;
				INFOPLIST_KEY_UIApplicationSceneManifest_Generation = YES;
				INFOPLIST_KEY_UIApplicationSupportsIndirectInputEvents = YES;
				INFOPLIST_KEY_UILaunchScreen_Generation = YES;
				INFOPLIST_KEY_UISupportedInterfaceOrientations_iPhone = "UIInterfaceOrientationPortrait UIInterfaceOrientationLandscapeLeft UIInterfaceOrientationLandscapeRight";
				IPHONEOS_DEPLOYMENT_TARGET = 18.0;
				LD_RUNPATH_SEARCH_PATHS = (
					"$(inherited)",
					"@executable_path/Frameworks",
				);
				MARKETING_VERSION = 1.0;
				PRODUCT_BUNDLE_IDENTIFIER = "com.tlo300.ZeldaGuideSearch";
				PRODUCT_NAME = "$(TARGET_NAME)";
				SWIFT_EMIT_LOC_STRINGS = YES;
				SWIFT_VERSION = 5.9;
				TARGETED_DEVICE_FAMILY = "1,2";
			};
			name = Release;
		};
/* End XCBuildConfiguration section */

/* Begin XCConfigurationList section */
		BAA000000000000000000001 /* Build configuration list for PBXProject "ZeldaGuideSearch" */ = {
			isa = XCConfigurationList;
			buildConfigurations = (
				BA9000000000000000000001 /* Debug */,
				BA9000000000000000000002 /* Release */,
			);
			defaultConfigurationIsVisible = 0;
			defaultConfigurationName = Release;
		};
		BAA000000000000000000002 /* Build configuration list for PBXNativeTarget "ZeldaGuideSearch" */ = {
			isa = XCConfigurationList;
			buildConfigurations = (
				BA9000000000000000000003 /* Debug */,
				BA9000000000000000000004 /* Release */,
			);
			defaultConfigurationIsVisible = 0;
			defaultConfigurationName = Release;
		};
/* End XCConfigurationList section */

/* Begin XCRemoteSwiftPackageReference section */
		BAB000000000000000000001 /* XCRemoteSwiftPackageReference "SQLiteVec" */ = {
			isa = XCRemoteSwiftPackageReference;
			repositoryURL = "https://github.com/jkrukowski/SQLiteVec";
			requirement = {
				kind = upToNextMajorVersion;
				minimumVersion = 0.0.9;
			};
		};
/* End XCRemoteSwiftPackageReference section */

/* Begin XCSwiftPackageProductDependency section */
		BAC000000000000000000001 /* SQLiteVec */ = {
			isa = XCSwiftPackageProductDependency;
			package = BAB000000000000000000001 /* XCRemoteSwiftPackageReference "SQLiteVec" */;
			productName = SQLiteVec;
		};
/* End XCSwiftPackageProductDependency section */

	};
	rootObject = BA6000000000000000000001 /* Project object */;
}
