// !$*UTF8*$!
{
	archiveVersion = 1;
	classes = {
	};
	objectVersion = 56;
	objects = {

/* Begin PBXBuildFile section */
		AA1000000000000000000001 /* ZeldaGuideApp.swift in Sources */ = {isa = PBXBuildFile; fileRef = AA2000000000000000000001 /* ZeldaGuideApp.swift */; };
		AA1000000000000000000002 /* ContentView.swift in Sources */ = {isa = PBXBuildFile; fileRef = AA2000000000000000000002 /* ContentView.swift */; };
		AA1000000000000000000003 /* ModelConfig.swift in Sources */ = {isa = PBXBuildFile; fileRef = AA2000000000000000000003 /* ModelConfig.swift */; };
		AA1000000000000000000004 /* knowledge_base.db in Resources */ = {isa = PBXBuildFile; fileRef = AA2000000000000000000004 /* knowledge_base.db */; };
		AA1000000000000000000005 /* MiniLMEmbedder.mlmodelc in Resources */ = {isa = PBXBuildFile; fileRef = AA2000000000000000000005 /* MiniLMEmbedder.mlmodelc */; };
		AA1000000000000000000007 /* QwenModel-1B.mlmodelc in Resources */ = {isa = PBXBuildFile; fileRef = AA2000000000000000000007 /* QwenModel-1B.mlmodelc */; };
		AA1000000000000000000006 /* SQLiteVec in Frameworks */ = {isa = PBXBuildFile; productRef = AAC000000000000000000001 /* SQLiteVec */; };
		AB1000000000000000000001 /* KnowledgeChunk.swift in Sources */ = {isa = PBXBuildFile; fileRef = AB2000000000000000000001 /* KnowledgeChunk.swift */; };
		AB1000000000000000000002 /* VectorSearchService.swift in Sources */ = {isa = PBXBuildFile; fileRef = AB2000000000000000000002 /* VectorSearchService.swift */; };
		AB1000000000000000000003 /* VectorSearchServiceTests.swift in Sources */ = {isa = PBXBuildFile; fileRef = AB2000000000000000000003 /* VectorSearchServiceTests.swift */; };
		AB1000000000000000000004 /* SQLiteVec in Frameworks */ = {isa = PBXBuildFile; productRef = ABC000000000000000000001 /* SQLiteVec */; };
		AC1000000000000000000001 /* LLMService.swift in Sources */ = {isa = PBXBuildFile; fileRef = AC2000000000000000000001 /* LLMService.swift */; };
		AC1000000000000000000002 /* LLMServiceTests.swift in Sources */ = {isa = PBXBuildFile; fileRef = AC2000000000000000000002 /* LLMServiceTests.swift */; };
		AD1000000000000000000001 /* RAGEngine.swift in Sources */ = {isa = PBXBuildFile; fileRef = AD2000000000000000000001 /* RAGEngine.swift */; };
		AD1000000000000000000002 /* RAGEngineTests.swift in Sources */ = {isa = PBXBuildFile; fileRef = AD2000000000000000000002 /* RAGEngineTests.swift */; };
		AE1000000000000000000001 /* ChatView.swift in Sources */ = {isa = PBXBuildFile; fileRef = AE2000000000000000000001 /* ChatView.swift */; };
		AF1000000000000000000001 /* MessageBubbleView.swift in Sources */ = {isa = PBXBuildFile; fileRef = AF2000000000000000000001 /* MessageBubbleView.swift */; };
		AG1000000000000000000001 /* SourceAttributionView.swift in Sources */ = {isa = PBXBuildFile; fileRef = AG2000000000000000000001 /* SourceAttributionView.swift */; };
		AH1000000000000000000001 /* ChatViewModel.swift in Sources */ = {isa = PBXBuildFile; fileRef = AH2000000000000000000001 /* ChatViewModel.swift */; };
		AI1000000000000000000001 /* ChatViewModelTests.swift in Sources */ = {isa = PBXBuildFile; fileRef = AI2000000000000000000001 /* ChatViewModelTests.swift */; };
		AJ1000000000000000000001 /* ChatMessage.swift in Sources */ = {isa = PBXBuildFile; fileRef = AJ2000000000000000000001 /* ChatMessage.swift */; };
		AK1000000000000000000001 /* BPETokenizer.swift in Sources */ = {isa = PBXBuildFile; fileRef = AK2000000000000000000001 /* BPETokenizer.swift */; };
		AL1000000000000000000001 /* BPETokenizerTests.swift in Sources */ = {isa = PBXBuildFile; fileRef = AL2000000000000000000001 /* BPETokenizerTests.swift */; };
		AM1000000000000000000001 /* tokenizer.json in Resources */ = {isa = PBXBuildFile; fileRef = AM2000000000000000000001 /* tokenizer.json */; };
		AN1000000000000000000001 /* vocab.txt in Resources */ = {isa = PBXBuildFile; fileRef = AN2000000000000000000001 /* vocab.txt */; };
		AO1000000000000000000001 /* WordPieceTokenizer.swift in Sources */ = {isa = PBXBuildFile; fileRef = AO2000000000000000000001 /* WordPieceTokenizer.swift */; };
		AP1000000000000000000001 /* WordPieceTokenizerTests.swift in Sources */ = {isa = PBXBuildFile; fileRef = AP2000000000000000000001 /* WordPieceTokenizerTests.swift */; };
/* End PBXBuildFile section */

/* Begin PBXFileReference section */
		AA2000000000000000000001 /* ZeldaGuideApp.swift */ = {isa = PBXFileReference; lastKnownFileType = sourcecode.swift; path = ZeldaGuideApp.swift; sourceTree = "<group>"; };
		AA2000000000000000000002 /* ContentView.swift */ = {isa = PBXFileReference; lastKnownFileType = sourcecode.swift; path = ContentView.swift; sourceTree = "<group>"; };
		AA2000000000000000000003 /* ModelConfig.swift */ = {isa = PBXFileReference; lastKnownFileType = sourcecode.swift; path = ModelConfig.swift; sourceTree = "<group>"; };
		AA2000000000000000000004 /* knowledge_base.db */ = {isa = PBXFileReference; lastKnownFileType = file; path = knowledge_base.db; sourceTree = "<group>"; };
		AA2000000000000000000005 /* MiniLMEmbedder.mlmodelc */ = {isa = PBXFileReference; lastKnownFileType = folder; path = MiniLMEmbedder.mlmodelc; sourceTree = "<group>"; };
		AA2000000000000000000007 /* QwenModel-1B.mlmodelc */ = {isa = PBXFileReference; lastKnownFileType = folder; path = "QwenModel-1B.mlmodelc"; sourceTree = "<group>"; };
		AA2000000000000000000006 /* ZeldaGuide.app */ = {isa = PBXFileReference; explicitFileType = wrapper.application; includeInIndex = 0; path = ZeldaGuide.app; sourceTree = BUILT_PRODUCTS_DIR; };
		AB2000000000000000000001 /* KnowledgeChunk.swift */ = {isa = PBXFileReference; lastKnownFileType = sourcecode.swift; path = KnowledgeChunk.swift; sourceTree = "<group>"; };
		AB2000000000000000000002 /* VectorSearchService.swift */ = {isa = PBXFileReference; lastKnownFileType = sourcecode.swift; path = VectorSearchService.swift; sourceTree = "<group>"; };
		AB2000000000000000000003 /* VectorSearchServiceTests.swift */ = {isa = PBXFileReference; lastKnownFileType = sourcecode.swift; path = VectorSearchServiceTests.swift; sourceTree = "<group>"; };
		AB2000000000000000000004 /* ZeldaGuideTests.xctest */ = {isa = PBXFileReference; explicitFileType = wrapper.cfbundle; includeInIndex = 0; path = ZeldaGuideTests.xctest; sourceTree = BUILT_PRODUCTS_DIR; };
		AC2000000000000000000001 /* LLMService.swift */ = {isa = PBXFileReference; lastKnownFileType = sourcecode.swift; path = LLMService.swift; sourceTree = "<group>"; };
		AC2000000000000000000002 /* LLMServiceTests.swift */ = {isa = PBXFileReference; lastKnownFileType = sourcecode.swift; path = LLMServiceTests.swift; sourceTree = "<group>"; };
		AD2000000000000000000001 /* RAGEngine.swift */ = {isa = PBXFileReference; lastKnownFileType = sourcecode.swift; path = RAGEngine.swift; sourceTree = "<group>"; };
		AD2000000000000000000002 /* RAGEngineTests.swift */ = {isa = PBXFileReference; lastKnownFileType = sourcecode.swift; path = RAGEngineTests.swift; sourceTree = "<group>"; };
		AE2000000000000000000001 /* ChatView.swift */ = {isa = PBXFileReference; lastKnownFileType = sourcecode.swift; path = ChatView.swift; sourceTree = "<group>"; };
		AF2000000000000000000001 /* MessageBubbleView.swift */ = {isa = PBXFileReference; lastKnownFileType = sourcecode.swift; path = MessageBubbleView.swift; sourceTree = "<group>"; };
		AG2000000000000000000001 /* SourceAttributionView.swift */ = {isa = PBXFileReference; lastKnownFileType = sourcecode.swift; path = SourceAttributionView.swift; sourceTree = "<group>"; };
		AH2000000000000000000001 /* ChatViewModel.swift */ = {isa = PBXFileReference; lastKnownFileType = sourcecode.swift; path = ChatViewModel.swift; sourceTree = "<group>"; };
		AI2000000000000000000001 /* ChatViewModelTests.swift */ = {isa = PBXFileReference; lastKnownFileType = sourcecode.swift; path = ChatViewModelTests.swift; sourceTree = "<group>"; };
		AJ2000000000000000000001 /* ChatMessage.swift */ = {isa = PBXFileReference; lastKnownFileType = sourcecode.swift; path = ChatMessage.swift; sourceTree = "<group>"; };
		AK2000000000000000000001 /* BPETokenizer.swift */ = {isa = PBXFileReference; lastKnownFileType = sourcecode.swift; path = BPETokenizer.swift; sourceTree = "<group>"; };
		AL2000000000000000000001 /* BPETokenizerTests.swift */ = {isa = PBXFileReference; lastKnownFileType = sourcecode.swift; path = BPETokenizerTests.swift; sourceTree = "<group>"; };
		AM2000000000000000000001 /* tokenizer.json */ = {isa = PBXFileReference; lastKnownFileType = text.json; path = "tokenizer.json"; sourceTree = "<group>"; };
		AN2000000000000000000001 /* vocab.txt */ = {isa = PBXFileReference; lastKnownFileType = text; path = "vocab.txt"; sourceTree = "<group>"; };
		AO2000000000000000000001 /* WordPieceTokenizer.swift */ = {isa = PBXFileReference; lastKnownFileType = sourcecode.swift; path = WordPieceTokenizer.swift; sourceTree = "<group>"; };
		AP2000000000000000000001 /* WordPieceTokenizerTests.swift */ = {isa = PBXFileReference; lastKnownFileType = sourcecode.swift; path = WordPieceTokenizerTests.swift; sourceTree = "<group>"; };
/* End PBXFileReference section */

/* Begin PBXFrameworksBuildPhase section */
		AA3000000000000000000001 /* Frameworks */ = {
			isa = PBXFrameworksBuildPhase;
			buildActionMask = 2147483647;
			files = (
				AA1000000000000000000006 /* SQLiteVec in Frameworks */,
			);
			runOnlyForDeploymentPostprocessing = 0;
		};
/* End PBXFrameworksBuildPhase section */

/* Begin PBXContainerItemProxy section */
		AB6000000000000000000002 /* PBXContainerItemProxy */ = {
			isa = PBXContainerItemProxy;
			containerPortal = AA6000000000000000000001 /* Project object */;
			proxyType = 1;
			remoteGlobalIDString = AA5000000000000000000001;
			remoteInfo = ZeldaGuide;
		};
/* End PBXContainerItemProxy section */

/* Begin PBXTargetDependency section */
		AB6000000000000000000001 /* PBXTargetDependency */ = {
			isa = PBXTargetDependency;
			target = AA5000000000000000000001 /* ZeldaGuide */;
			targetProxy = AB6000000000000000000002 /* PBXContainerItemProxy */;
		};
/* End PBXTargetDependency section */

/* Begin PBXFrameworksBuildPhase section (ZeldaGuideTests) */
		AB3000000000000000000001 /* Frameworks */ = {
			isa = PBXFrameworksBuildPhase;
			buildActionMask = 2147483647;
			files = (
				AB1000000000000000000004 /* SQLiteVec in Frameworks */,
			);
			runOnlyForDeploymentPostprocessing = 0;
		};
/* End PBXFrameworksBuildPhase section (ZeldaGuideTests) */

/* Begin PBXSourcesBuildPhase section (ZeldaGuideTests) */
		AB8000000000000000000001 /* Sources */ = {
			isa = PBXSourcesBuildPhase;
			buildActionMask = 2147483647;
			files = (
				AB1000000000000000000003 /* VectorSearchServiceTests.swift in Sources */,
				AC1000000000000000000002 /* LLMServiceTests.swift in Sources */,
				AD1000000000000000000002 /* RAGEngineTests.swift in Sources */,
				AI1000000000000000000001 /* ChatViewModelTests.swift in Sources */,
				AL1000000000000000000001 /* BPETokenizerTests.swift in Sources */,
				AP1000000000000000000001 /* WordPieceTokenizerTests.swift in Sources */,
			);
			runOnlyForDeploymentPostprocessing = 0;
		};
/* End PBXSourcesBuildPhase section (ZeldaGuideTests) */

/* Begin PBXGroup section */
		AA4000000000000000000001 /* / */ = {
			isa = PBXGroup;
			children = (
				AA4000000000000000000002 /* ZeldaGuide */,
				AB4000000000000000000002 /* ZeldaGuideTests */,
				AA4000000000000000000006 /* Products */,
			);
			sourceTree = "<group>";
		};
		AA4000000000000000000002 /* ZeldaGuide */ = {
			isa = PBXGroup;
			children = (
				AA2000000000000000000001 /* ZeldaGuideApp.swift */,
				AA4000000000000000000003 /* Views */,
				AA4000000000000000000004 /* Services */,
				AB4000000000000000000001 /* Models */,
				AA4000000000000000000005 /* Resources */,
			);
			path = ZeldaGuide;
			sourceTree = "<group>";
		};
		AA4000000000000000000003 /* Views */ = {
			isa = PBXGroup;
			children = (
				AA2000000000000000000002 /* ContentView.swift */,
				AE2000000000000000000001 /* ChatView.swift */,
				AF2000000000000000000001 /* MessageBubbleView.swift */,
				AG2000000000000000000001 /* SourceAttributionView.swift */,
			);
			path = Views;
			sourceTree = "<group>";
		};
		AA4000000000000000000004 /* Services */ = {
			isa = PBXGroup;
			children = (
				AA2000000000000000000003 /* ModelConfig.swift */,
				AB2000000000000000000002 /* VectorSearchService.swift */,
				AC2000000000000000000001 /* LLMService.swift */,
				AK2000000000000000000001 /* BPETokenizer.swift */,
				AO2000000000000000000001 /* WordPieceTokenizer.swift */,
				AD2000000000000000000001 /* RAGEngine.swift */,
			);
			path = Services;
			sourceTree = "<group>";
		};
		AB4000000000000000000001 /* Models */ = {
			isa = PBXGroup;
			children = (
				AB2000000000000000000001 /* KnowledgeChunk.swift */,
				AJ2000000000000000000001 /* ChatMessage.swift */,
				AH2000000000000000000001 /* ChatViewModel.swift */,
			);
			path = Models;
			sourceTree = "<group>";
		};
		AB4000000000000000000002 /* ZeldaGuideTests */ = {
			isa = PBXGroup;
			children = (
				AB2000000000000000000003 /* VectorSearchServiceTests.swift */,
				AC2000000000000000000002 /* LLMServiceTests.swift */,
				AD2000000000000000000002 /* RAGEngineTests.swift */,
				AI2000000000000000000001 /* ChatViewModelTests.swift */,
				AL2000000000000000000001 /* BPETokenizerTests.swift */,
				AP2000000000000000000001 /* WordPieceTokenizerTests.swift */,
			);
			path = ZeldaGuideTests;
			sourceTree = "<group>";
		};
		AA4000000000000000000005 /* Resources */ = {
			isa = PBXGroup;
			children = (
				AA2000000000000000000004 /* knowledge_base.db */,
				AA2000000000000000000005 /* MiniLMEmbedder.mlmodelc */,
				AA2000000000000000000007 /* QwenModel-1B.mlmodelc */,
				AM2000000000000000000001 /* tokenizer.json */,
				AN2000000000000000000001 /* vocab.txt */,
			);
			path = Resources;
			sourceTree = "<group>";
		};
		AA4000000000000000000006 /* Products */ = {
			isa = PBXGroup;
			children = (
				AA2000000000000000000006 /* ZeldaGuide.app */,
				AB2000000000000000000004 /* ZeldaGuideTests.xctest */,
			);
			name = Products;
			sourceTree = "<group>";
		};
/* End PBXGroup section */

/* Begin PBXNativeTarget section */
		AA5000000000000000000001 /* ZeldaGuide */ = {
			isa = PBXNativeTarget;
			buildConfigurationList = AAA000000000000000000002 /* Build configuration list for PBXNativeTarget "ZeldaGuide" */;
			buildPhases = (
				AA8000000000000000000001 /* Sources */,
				AA3000000000000000000001 /* Frameworks */,
				AA7000000000000000000001 /* Resources */,
			);
			buildRules = (
			);
			dependencies = (
			);
			name = ZeldaGuide;
			packageProductDependencies = (
				AAC000000000000000000001 /* SQLiteVec */,
			);
			productName = ZeldaGuide;
			productReference = AA2000000000000000000006 /* ZeldaGuide.app */;
			productType = "com.apple.product-type.application";
		};
		AB5000000000000000000001 /* ZeldaGuideTests */ = {
			isa = PBXNativeTarget;
			buildConfigurationList = ABA000000000000000000001 /* Build configuration list for PBXNativeTarget "ZeldaGuideTests" */;
			buildPhases = (
				AB8000000000000000000001 /* Sources */,
				AB3000000000000000000001 /* Frameworks */,
			);
			buildRules = (
			);
			dependencies = (
				AB6000000000000000000001 /* PBXTargetDependency */,
			);
			name = ZeldaGuideTests;
			packageProductDependencies = (
				ABC000000000000000000001 /* SQLiteVec */,
			);
			productName = ZeldaGuideTests;
			productReference = AB2000000000000000000004 /* ZeldaGuideTests.xctest */;
			productType = "com.apple.product-type.bundle.unit-test";
		};
/* End PBXNativeTarget section */

/* Begin PBXProject section */
		AA6000000000000000000001 /* Project object */ = {
			isa = PBXProject;
			attributes = {
				BuildIndependentTargetsInParallel = 1;
				LastSwiftUpdateCheck = 1500;
				LastUpgradeCheck = 1500;
				ORGANIZATIONNAME = tlo300;
				TargetAttributes = {
					AA5000000000000000000001 = {
						CreatedOnToolsVersion = 15.0;
					};
					AB5000000000000000000001 = {
						CreatedOnToolsVersion = 15.0;
						TestTargetID = AA5000000000000000000001;
					};
				};
			};
			buildConfigurationList = AAA000000000000000000001 /* Build configuration list for PBXProject "ZeldaGuide" */;
			compatibilityVersion = "Xcode 14.0";
			developmentRegion = en;
			hasScannedForEncodings = 0;
			knownRegions = (
				en,
				Base,
			);
			mainGroup = AA4000000000000000000001;
			packageReferences = (
				AAB000000000000000000001 /* XCRemoteSwiftPackageReference "SQLiteVec" */,
			);
			productRefGroup = AA4000000000000000000006 /* Products */;
			projectDirPath = "";
			projectRoot = "";
			targets = (
				AA5000000000000000000001 /* ZeldaGuide */,
				AB5000000000000000000001 /* ZeldaGuideTests */,
			);
		};
/* End PBXProject section */

/* Begin PBXResourcesBuildPhase section */
		AA7000000000000000000001 /* Resources */ = {
			isa = PBXResourcesBuildPhase;
			buildActionMask = 2147483647;
			files = (
				AA1000000000000000000004 /* knowledge_base.db in Resources */,
				AA1000000000000000000005 /* MiniLMEmbedder.mlmodelc in Resources */,
				AA1000000000000000000007 /* QwenModel-1B.mlmodelc in Resources */,
				AM1000000000000000000001 /* tokenizer.json in Resources */,
				AN1000000000000000000001 /* vocab.txt in Resources */,
			);
			runOnlyForDeploymentPostprocessing = 0;
		};
/* End PBXResourcesBuildPhase section */

/* Begin PBXSourcesBuildPhase section */
		AA8000000000000000000001 /* Sources */ = {
			isa = PBXSourcesBuildPhase;
			buildActionMask = 2147483647;
			files = (
				AA1000000000000000000001 /* ZeldaGuideApp.swift in Sources */,
				AA1000000000000000000002 /* ContentView.swift in Sources */,
				AA1000000000000000000003 /* ModelConfig.swift in Sources */,
				AB1000000000000000000001 /* KnowledgeChunk.swift in Sources */,
				AB1000000000000000000002 /* VectorSearchService.swift in Sources */,
				AC1000000000000000000001 /* LLMService.swift in Sources */,
				AK1000000000000000000001 /* BPETokenizer.swift in Sources */,
				AO1000000000000000000001 /* WordPieceTokenizer.swift in Sources */,
				AD1000000000000000000001 /* RAGEngine.swift in Sources */,
				AE1000000000000000000001 /* ChatView.swift in Sources */,
				AF1000000000000000000001 /* MessageBubbleView.swift in Sources */,
				AG1000000000000000000001 /* SourceAttributionView.swift in Sources */,
				AH1000000000000000000001 /* ChatViewModel.swift in Sources */,
				AJ1000000000000000000001 /* ChatMessage.swift in Sources */,
			);
			runOnlyForDeploymentPostprocessing = 0;
		};
/* End PBXSourcesBuildPhase section */

/* Begin XCBuildConfiguration section */
		AA9000000000000000000001 /* Debug */ = {
			isa = XCBuildConfiguration;
			buildSettings = {
				ALWAYS_SEARCH_USER_PATHS = NO;
				CLANG_ANALYZER_NONNULL = YES;
				CLANG_ANALYZER_NUMBER_OBJECT_CONVERSION = YES_AGGRESSIVE;
				CLANG_CXX_LANGUAGE_STANDARD = "gnu++20";
				CLANG_ENABLE_MODULES = YES;
				CLANG_ENABLE_OBJC_ARC = YES;
				CLANG_ENABLE_OBJC_WEAK = YES;
				CLANG_WARN_BLOCK_CAPTURE_AUTORELEASING = YES;
				CLANG_WARN_BOOL_CONVERSION = YES;
				CLANG_WARN_COMMA = YES;
				CLANG_WARN_CONSTANT_CONVERSION = YES;
				CLANG_WARN_DEPRECATED_OBJC_IMPLEMENTATIONS = YES;
				CLANG_WARN_DIRECT_OBJC_ISA_USAGE = YES_ERROR;
				CLANG_WARN_DOCUMENTATION_COMMENTS = YES;
				CLANG_WARN_EMPTY_BODY = YES;
				CLANG_WARN_ENUM_CONVERSION = YES;
				CLANG_WARN_INFINITE_RECURSION = YES;
				CLANG_WARN_INT_CONVERSION = YES;
				CLANG_WARN_NON_LITERAL_NULL_CONVERSION = YES;
				CLANG_WARN_OBJC_IMPLICIT_RETAIN_CYCLES = YES;
				CLANG_WARN_OBJC_LITERAL_CONVERSION = YES;
				CLANG_WARN_OBJC_ROOT_CLASS = YES_ERROR;
				CLANG_WARN_QUOTED_INCLUDE_IN_FRAMEWORK_HEADER = YES;
				CLANG_WARN_RANGE_LOOP_ANALYSIS = YES;
				CLANG_WARN_STRICT_PROTOTYPES = YES;
				CLANG_WARN_SUSPICIOUS_MOVE = YES;
				CLANG_WARN_UNGUARDED_AVAILABILITY = YES_AGGRESSIVE;
				CLANG_WARN_UNREACHABLE_CODE = YES;
				CLANG_WARN__DUPLICATE_METHOD_MATCH = YES;
				COPY_PHASE_STRIP = NO;
				DEBUG_INFORMATION_FORMAT = dwarf;
				ENABLE_STRICT_OBJC_MSGSEND = YES;
				ENABLE_TESTABILITY = YES;
				ENABLE_USER_SCRIPT_SANDBOXING = YES;
				GCC_C_LANGUAGE_STANDARD = gnu17;
				GCC_DYNAMIC_NO_PIC = NO;
				GCC_NO_COMMON_BLOCKS = YES;
				GCC_OPTIMIZATION_LEVEL = 0;
				GCC_PREPROCESSOR_DEFINITIONS = (
					"DEBUG=1",
					"$(inherited)",
				);
				GCC_WARN_64_TO_32_BIT_CONVERSION = YES;
				GCC_WARN_ABOUT_RETURN_TYPE = YES_ERROR;
				GCC_WARN_UNDECLARED_SELECTOR = YES;
				GCC_WARN_UNINITIALIZED_AUTOS = YES_AGGRESSIVE;
				GCC_WARN_UNUSED_FUNCTION = YES;
				GCC_WARN_UNUSED_VARIABLE = YES;
				IPHONEOS_DEPLOYMENT_TARGET = 18.0;
				MTL_ENABLE_DEBUG_INFO = INCLUDE_SOURCE;
				MTL_FAST_MATH = YES;
				ONLY_ACTIVE_ARCH = YES;
				SDKROOT = iphoneos;
				SWIFT_ACTIVE_COMPILATION_CONDITIONS = "DEBUG $(inherited)";
				SWIFT_OPTIMIZATION_LEVEL = "-Onone";
			};
			name = Debug;
		};
		AA9000000000000000000002 /* Release */ = {
			isa = XCBuildConfiguration;
			buildSettings = {
				ALWAYS_SEARCH_USER_PATHS = NO;
				CLANG_ANALYZER_NONNULL = YES;
				CLANG_ANALYZER_NUMBER_OBJECT_CONVERSION = YES_AGGRESSIVE;
				CLANG_CXX_LANGUAGE_STANDARD = "gnu++20";
				CLANG_ENABLE_MODULES = YES;
				CLANG_ENABLE_OBJC_ARC = YES;
				CLANG_ENABLE_OBJC_WEAK = YES;
				CLANG_WARN_BLOCK_CAPTURE_AUTORELEASING = YES;
				CLANG_WARN_BOOL_CONVERSION = YES;
				CLANG_WARN_COMMA = YES;
				CLANG_WARN_CONSTANT_CONVERSION = YES;
				CLANG_WARN_DEPRECATED_OBJC_IMPLEMENTATIONS = YES;
				CLANG_WARN_DIRECT_OBJC_ISA_USAGE = YES_ERROR;
				CLANG_WARN_DOCUMENTATION_COMMENTS = YES;
				CLANG_WARN_EMPTY_BODY = YES;
				CLANG_WARN_ENUM_CONVERSION = YES;
				CLANG_WARN_INFINITE_RECURSION = YES;
				CLANG_WARN_INT_CONVERSION = YES;
				CLANG_WARN_NON_LITERAL_NULL_CONVERSION = YES;
				CLANG_WARN_OBJC_IMPLICIT_RETAIN_CYCLES = YES;
				CLANG_WARN_OBJC_LITERAL_CONVERSION = YES;
				CLANG_WARN_OBJC_ROOT_CLASS = YES_ERROR;
				CLANG_WARN_QUOTED_INCLUDE_IN_FRAMEWORK_HEADER = YES;
				CLANG_WARN_RANGE_LOOP_ANALYSIS = YES;
				CLANG_WARN_STRICT_PROTOTYPES = YES;
				CLANG_WARN_SUSPICIOUS_MOVE = YES;
				CLANG_WARN_UNGUARDED_AVAILABILITY = YES_AGGRESSIVE;
				CLANG_WARN_UNREACHABLE_CODE = YES;
				CLANG_WARN__DUPLICATE_METHOD_MATCH = YES;
				COPY_PHASE_STRIP = NO;
				DEBUG_INFORMATION_FORMAT = "dwarf-with-dsym";
				ENABLE_NS_ASSERTIONS = NO;
				ENABLE_STRICT_OBJC_MSGSEND = YES;
				ENABLE_USER_SCRIPT_SANDBOXING = YES;
				GCC_C_LANGUAGE_STANDARD = gnu17;
				GCC_NO_COMMON_BLOCKS = YES;
				GCC_WARN_64_TO_32_BIT_CONVERSION = YES;
				GCC_WARN_ABOUT_RETURN_TYPE = YES_ERROR;
				GCC_WARN_UNDECLARED_SELECTOR = YES;
				GCC_WARN_UNINITIALIZED_AUTOS = YES_AGGRESSIVE;
				GCC_WARN_UNUSED_FUNCTION = YES;
				GCC_WARN_UNUSED_VARIABLE = YES;
				IPHONEOS_DEPLOYMENT_TARGET = 18.0;
				MTL_FAST_MATH = YES;
				SDKROOT = iphoneos;
				SWIFT_COMPILATION_MODE = wholemodule;
				SWIFT_OPTIMIZATION_LEVEL = "-O";
				VALIDATE_PRODUCT = YES;
			};
			name = Release;
		};
		AA9000000000000000000003 /* Debug */ = {
			isa = XCBuildConfiguration;
			buildSettings = {
				ASSETCATALOG_COMPILER_APPICON_NAME = AppIcon;
				ASSETCATALOG_COMPILER_GLOBAL_ACCENT_COLOR_NAME = AccentColor;
				CODE_SIGN_STYLE = Automatic;
				CURRENT_PROJECT_VERSION = 1;
				DEVELOPMENT_ASSET_PATHS = "";
				ENABLE_PREVIEWS = YES;
				GENERATE_INFOPLIST_FILE = YES;
				INFOPLIST_KEY_UIApplicationSceneManifest_Generation = YES;
				INFOPLIST_KEY_UIApplicationSupportsIndirectInputEvents = YES;
				INFOPLIST_KEY_UILaunchScreen_Generation = YES;
				INFOPLIST_KEY_UISupportedInterfaceOrientations_iPhone = "UIInterfaceOrientationPortrait UIInterfaceOrientationLandscapeLeft UIInterfaceOrientationLandscapeRight";
				IPHONEOS_DEPLOYMENT_TARGET = 18.0;
				LD_RUNPATH_SEARCH_PATHS = (
					"$(inherited)",
					"@executable_path/Frameworks",
				);
				MARKETING_VERSION = 1.0;
				PRODUCT_BUNDLE_IDENTIFIER = "com.tlo300.ZeldaGuide";
				PRODUCT_NAME = "$(TARGET_NAME)";
				SWIFT_EMIT_LOC_STRINGS = YES;
				SWIFT_VERSION = 5.9;
				TARGETED_DEVICE_FAMILY = "1,2";
			};
			name = Debug;
		};
		AA9000000000000000000004 /* Release */ = {
			isa = XCBuildConfiguration;
			buildSettings = {
				ASSETCATALOG_COMPILER_APPICON_NAME = AppIcon;
				ASSETCATALOG_COMPILER_GLOBAL_ACCENT_COLOR_NAME = AccentColor;
				CODE_SIGN_STYLE = Automatic;
				CURRENT_PROJECT_VERSION = 1;
				DEVELOPMENT_ASSET_PATHS = "";
				ENABLE_PREVIEWS = YES;
				GENERATE_INFOPLIST_FILE = YES;
				INFOPLIST_KEY_UIApplicationSceneManifest_Generation = YES;
				INFOPLIST_KEY_UIApplicationSupportsIndirectInputEvents = YES;
				INFOPLIST_KEY_UILaunchScreen_Generation = YES;
				INFOPLIST_KEY_UISupportedInterfaceOrientations_iPhone = "UIInterfaceOrientationPortrait UIInterfaceOrientationLandscapeLeft UIInterfaceOrientationLandscapeRight";
				IPHONEOS_DEPLOYMENT_TARGET = 18.0;
				LD_RUNPATH_SEARCH_PATHS = (
					"$(inherited)",
					"@executable_path/Frameworks",
				);
				MARKETING_VERSION = 1.0;
				PRODUCT_BUNDLE_IDENTIFIER = "com.tlo300.ZeldaGuide";
				PRODUCT_NAME = "$(TARGET_NAME)";
				SWIFT_EMIT_LOC_STRINGS = YES;
				SWIFT_VERSION = 5.9;
				TARGETED_DEVICE_FAMILY = "1,2";
			};
			name = Release;
		};
		AB9000000000000000000001 /* Debug */ = {
			isa = XCBuildConfiguration;
			buildSettings = {
				BUNDLE_LOADER = "$(TEST_HOST)";
				GENERATE_INFOPLIST_FILE = YES;
				IPHONEOS_DEPLOYMENT_TARGET = 18.0;
				PRODUCT_BUNDLE_IDENTIFIER = "com.tlo300.ZeldaGuideTests";
				PRODUCT_NAME = "$(TARGET_NAME)";
				SWIFT_EMIT_LOC_STRINGS = NO;
				SWIFT_VERSION = 5.9;
				TEST_HOST = "$(BUILT_PRODUCTS_DIR)/ZeldaGuide.app/$(BUNDLE_EXECUTABLE_FOLDER_PATH)/ZeldaGuide";
			};
			name = Debug;
		};
		AB9000000000000000000002 /* Release */ = {
			isa = XCBuildConfiguration;
			buildSettings = {
				BUNDLE_LOADER = "$(TEST_HOST)";
				GENERATE_INFOPLIST_FILE = YES;
				IPHONEOS_DEPLOYMENT_TARGET = 18.0;
				PRODUCT_BUNDLE_IDENTIFIER = "com.tlo300.ZeldaGuideTests";
				PRODUCT_NAME = "$(TARGET_NAME)";
				SWIFT_EMIT_LOC_STRINGS = NO;
				SWIFT_VERSION = 5.9;
				TEST_HOST = "$(BUILT_PRODUCTS_DIR)/ZeldaGuide.app/$(BUNDLE_EXECUTABLE_FOLDER_PATH)/ZeldaGuide";
			};
			name = Release;
		};
/* End XCBuildConfiguration section */

/* Begin XCConfigurationList section */
		AAA000000000000000000001 /* Build configuration list for PBXProject "ZeldaGuide" */ = {
			isa = XCConfigurationList;
			buildConfigurations = (
				AA9000000000000000000001 /* Debug */,
				AA9000000000000000000002 /* Release */,
			);
			defaultConfigurationIsVisible = 0;
			defaultConfigurationName = Release;
		};
		AAA000000000000000000002 /* Build configuration list for PBXNativeTarget "ZeldaGuide" */ = {
			isa = XCConfigurationList;
			buildConfigurations = (
				AA9000000000000000000003 /* Debug */,
				AA9000000000000000000004 /* Release */,
			);
			defaultConfigurationIsVisible = 0;
			defaultConfigurationName = Release;
		};
		ABA000000000000000000001 /* Build configuration list for PBXNativeTarget "ZeldaGuideTests" */ = {
			isa = XCConfigurationList;
			buildConfigurations = (
				AB9000000000000000000001 /* Debug */,
				AB9000000000000000000002 /* Release */,
			);
			defaultConfigurationIsVisible = 0;
			defaultConfigurationName = Release;
		};
/* End XCConfigurationList section */

/* Begin XCRemoteSwiftPackageReference section */
		AAB000000000000000000001 /* XCRemoteSwiftPackageReference "SQLiteVec" */ = {
			isa = XCRemoteSwiftPackageReference;
			repositoryURL = "https://github.com/jkrukowski/SQLiteVec";
			requirement = {
				kind = upToNextMajorVersion;
				minimumVersion = 0.0.9;
			};
		};
/* End XCRemoteSwiftPackageReference section */

/* Begin XCSwiftPackageProductDependency section */
		AAC000000000000000000001 /* SQLiteVec */ = {
			isa = XCSwiftPackageProductDependency;
			package = AAB000000000000000000001 /* XCRemoteSwiftPackageReference "SQLiteVec" */;
			productName = SQLiteVec;
		};
		ABC000000000000000000001 /* SQLiteVec */ = {
			isa = XCSwiftPackageProductDependency;
			package = AAB000000000000000000001 /* XCRemoteSwiftPackageReference "SQLiteVec" */;
			productName = SQLiteVec;
		};
/* End XCSwiftPackageProductDependency section */

	};
	rootObject = AA6000000000000000000001 /* Project object */;
}
